// !$*UTF8*$!
{
	archiveVersion = 1;
	classes = {
	};
	objectVersion = 70;
	objects = {

/* Begin PBXBuildFile section */
		5922E9B7EBD25DB23968D205 /* Assets.xcassets in Resources */ = {isa = PBXBuildFile; fileRef = A2B024E874BC21FEF7023DAF /* Assets.xcassets */; };
		6BE9E4998CF6885FC00D8BB8 /* ClashGuardApp.swift in Sources */ = {isa = PBXBuildFile; fileRef = B56DB67062432F428C349BEF /* ClashGuardApp.swift */; };
		ECBB654930594F890024179F /* ClashRecord.swift in Sources */ = {isa = PBXBuildFile; fileRef = ECBB654730594F890024179F /* ClashRecord.swift */; };
		ECBB654A30594F890024179F /* RosterShift.swift in Sources */ = {isa = PBXBuildFile; fileRef = ECBB654830594F890024179F /* RosterShift.swift */; };
		ECBB654B30594F890024179F /* AcademicDeadline.swift in Sources */ = {isa = PBXBuildFile; fileRef = ECBB654630594F890024179F /* AcademicDeadline.swift */; };
		ECBB654F305953850024179F /* ImportRosterUseCase.swift in Sources */ = {isa = PBXBuildFile; fileRef = ECBB654E305953850024179F /* ImportRosterUseCase.swift */; };
		ECBB6550305953850024179F /* DetectClashUseCase.swift in Sources */ = {isa = PBXBuildFile; fileRef = ECBB654C305953850024179F /* DetectClashUseCase.swift */; };
		ECBB6551305953850024179F /* FlagShiftForSwapUseCase.swift in Sources */ = {isa = PBXBuildFile; fileRef = ECBB654D305953850024179F /* FlagShiftForSwapUseCase.swift */; };
		ECBB6557305956370024179F /* MergedCalendarViewModel.swift in Sources */ = {isa = PBXBuildFile; fileRef = ECBB6554305956370024179F /* MergedCalendarViewModel.swift */; };
		ECBB6559305956370024179F /* ClashAlertViewModel.swift in Sources */ = {isa = PBXBuildFile; fileRef = ECBB6552305956370024179F /* ClashAlertViewModel.swift */; };
		ECBB655F305956650024179F /* SwapBoardView.swift in Sources */ = {isa = PBXBuildFile; fileRef = ECBB655E305956650024179F /* SwapBoardView.swift */; };
		ECBB6560305956650024179F /* ImportView.swift in Sources */ = {isa = PBXBuildFile; fileRef = ECBB655B305956650024179F /* ImportView.swift */; };
		ECBB6561305956650024179F /* ClashAlertView.swift in Sources */ = {isa = PBXBuildFile; fileRef = ECBB655A305956650024179F /* ClashAlertView.swift */; };
		ECBB6562305956650024179F /* MergedCalendarView.swift in Sources */ = {isa = PBXBuildFile; fileRef = ECBB655C305956650024179F /* MergedCalendarView.swift */; };
		ECBB6563305956650024179F /* SampleData.swift in Sources */ = {isa = PBXBuildFile; fileRef = ECBB655D305956650024179F /* SampleData.swift */; };
		ECBB6567305958090024179F /* SwapBoardViewModel.swift in Sources */ = {isa = PBXBuildFile; fileRef = ECBB6566305958090024179F /* SwapBoardViewModel.swift */; };
		ECBB657D305961C20024179F /* RosterRepository.swift in Sources */ = {isa = PBXBuildFile; fileRef = ECBB657C305961C20024179F /* RosterRepository.swift */; };
		ECBB657E305961C20024179F /* DeadlineRepository.swift in Sources */ = {isa = PBXBuildFile; fileRef = ECBB657B305961C20024179F /* DeadlineRepository.swift */; };
		ECBB6580305961DF0024179F /* ImportViewModel.swift in Sources */ = {isa = PBXBuildFile; fileRef = ECBB657F305961DF0024179F /* ImportViewModel.swift */; };
		ECBB6582305961F60024179F /* ContentView.swift in Sources */ = {isa = PBXBuildFile; fileRef = ECBB6581305961F60024179F /* ContentView.swift */; };
/* End PBXBuildFile section */

/* Begin PBXContainerItemProxy section */
		ECBB657030595B210024179F /* PBXContainerItemProxy */ = {
			isa = PBXContainerItemProxy;
			containerPortal = 4A9269261AD2E5AB2A72EB8C /* Project object */;
			proxyType = 1;
			remoteGlobalIDString = A87E86C4B939C1AC119312DC;
			remoteInfo = ClashGuard;
		};
/* End PBXContainerItemProxy section */

/* Begin PBXFileReference section */
		A2B024E874BC21FEF7023DAF /* Assets.xcassets */ = {isa = PBXFileReference; lastKnownFileType = folder.assetcatalog; path = Assets.xcassets; sourceTree = "<group>"; };
		B42F10FB3935EFE509A108E3 /* ClashGuard.app */ = {isa = PBXFileReference; explicitFileType = wrapper.application; includeInIndex = 0; path = ClashGuard.app; sourceTree = BUILT_PRODUCTS_DIR; };
		B56DB67062432F428C349BEF /* ClashGuardApp.swift */ = {isa = PBXFileReference; lastKnownFileType = sourcecode.swift; path = ClashGuardApp.swift; sourceTree = "<group>"; };
		ECBB654630594F890024179F /* AcademicDeadline.swift */ = {isa = PBXFileReference; lastKnownFileType = sourcecode.swift; path = AcademicDeadline.swift; sourceTree = "<group>"; };
		ECBB654730594F890024179F /* ClashRecord.swift */ = {isa = PBXFileReference; lastKnownFileType = sourcecode.swift; path = ClashRecord.swift; sourceTree = "<group>"; };
		ECBB654830594F890024179F /* RosterShift.swift */ = {isa = PBXFileReference; lastKnownFileType = sourcecode.swift; path = RosterShift.swift; sourceTree = "<group>"; };
		ECBB654C305953850024179F /* DetectClashUseCase.swift */ = {isa = PBXFileReference; lastKnownFileType = sourcecode.swift; path = DetectClashUseCase.swift; sourceTree = "<group>"; };
		ECBB654D305953850024179F /* FlagShiftForSwapUseCase.swift */ = {isa = PBXFileReference; lastKnownFileType = sourcecode.swift; path = FlagShiftForSwapUseCase.swift; sourceTree = "<group>"; };
		ECBB654E305953850024179F /* ImportRosterUseCase.swift */ = {isa = PBXFileReference; lastKnownFileType = sourcecode.swift; path = ImportRosterUseCase.swift; sourceTree = "<group>"; };
		ECBB6552305956370024179F /* ClashAlertViewModel.swift */ = {isa = PBXFileReference; lastKnownFileType = sourcecode.swift; path = ClashAlertViewModel.swift; sourceTree = "<group>"; };
		ECBB6554305956370024179F /* MergedCalendarViewModel.swift */ = {isa = PBXFileReference; lastKnownFileType = sourcecode.swift; path = MergedCalendarViewModel.swift; sourceTree = "<group>"; };
		ECBB655A305956650024179F /* ClashAlertView.swift */ = {isa = PBXFileReference; lastKnownFileType = sourcecode.swift; path = ClashAlertView.swift; sourceTree = "<group>"; };
		ECBB655B305956650024179F /* ImportView.swift */ = {isa = PBXFileReference; lastKnownFileType = sourcecode.swift; path = ImportView.swift; sourceTree = "<group>"; };
		ECBB655C305956650024179F /* MergedCalendarView.swift */ = {isa = PBXFileReference; lastKnownFileType = sourcecode.swift; path = MergedCalendarView.swift; sourceTree = "<group>"; };
		ECBB655D305956650024179F /* SampleData.swift */ = {isa = PBXFileReference; lastKnownFileType = sourcecode.swift; path = SampleData.swift; sourceTree = "<group>"; };
		ECBB655E305956650024179F /* SwapBoardView.swift */ = {isa = PBXFileReference; lastKnownFileType = sourcecode.swift; path = SwapBoardView.swift; sourceTree = "<group>"; };
		ECBB6566305958090024179F /* SwapBoardViewModel.swift */ = {isa = PBXFileReference; lastKnownFileType = sourcecode.swift; path = SwapBoardViewModel.swift; sourceTree = "<group>"; };
		ECBB656C30595B210024179F /* ClashGuardTests.xctest */ = {isa = PBXFileReference; explicitFileType = wrapper.cfbundle; includeInIndex = 0; path = ClashGuardTests.xctest; sourceTree = BUILT_PRODUCTS_DIR; };
		ECBB657B305961C20024179F /* DeadlineRepository.swift */ = {isa = PBXFileReference; lastKnownFileType = sourcecode.swift; path = DeadlineRepository.swift; sourceTree = "<group>"; };
		ECBB657C305961C20024179F /* RosterRepository.swift */ = {isa = PBXFileReference; lastKnownFileType = sourcecode.swift; path = RosterRepository.swift; sourceTree = "<group>"; };
		ECBB657F305961DF0024179F /* ImportViewModel.swift */ = {isa = PBXFileReference; lastKnownFileType = sourcecode.swift; path = ImportViewModel.swift; sourceTree = "<group>"; };
		ECBB6581305961F60024179F /* ContentView.swift */ = {isa = PBXFileReference; lastKnownFileType = sourcecode.swift; path = ContentView.swift; sourceTree = "<group>"; };
/* End PBXFileReference section */

/* Begin PBXFileSystemSynchronizedRootGroup section */
		ECBB656D30595B210024179F /* ClashGuardTests */ = {isa = PBXFileSystemSynchronizedRootGroup; explicitFileTypes = {}; explicitFolders = (); path = ClashGuardTests; sourceTree = "<group>"; };
/* End PBXFileSystemSynchronizedRootGroup section */

/* Begin PBXFrameworksBuildPhase section */
		5393690EA9FBF2365FE0ECC4 /* Frameworks */ = {
			isa = PBXFrameworksBuildPhase;
			buildActionMask = 2147483647;
			files = (
			);
			runOnlyForDeploymentPostprocessing = 0;
		};
		ECBB656930595B210024179F /* Frameworks */ = {
			isa = PBXFrameworksBuildPhase;
			buildActionMask = 2147483647;
			files = (
			);
			runOnlyForDeploymentPostprocessing = 0;
		};
/* End PBXFrameworksBuildPhase section */

/* Begin PBXGroup section */
		1EDD0390CBA8B35627A7CC94 /* Products */ = {
			isa = PBXGroup;
			children = (
				B42F10FB3935EFE509A108E3 /* ClashGuard.app */,
				ECBB656C30595B210024179F /* ClashGuardTests.xctest */,
			);
			name = Products;
			sourceTree = "<group>";
		};
		24C94539743BD59E324EDC0B /* UseCases */ = {
			isa = PBXGroup;
			children = (
				ECBB654C305953850024179F /* DetectClashUseCase.swift */,
				ECBB654D305953850024179F /* FlagShiftForSwapUseCase.swift */,
				ECBB654E305953850024179F /* ImportRosterUseCase.swift */,
			);
			path = UseCases;
			sourceTree = "<group>";
		};
		2632B2DB11BCD31D1903E3E2 /* Views */ = {
			isa = PBXGroup;
			children = (
				ECBB655A305956650024179F /* ClashAlertView.swift */,
				ECBB655B305956650024179F /* ImportView.swift */,
				ECBB655C305956650024179F /* MergedCalendarView.swift */,
				ECBB655D305956650024179F /* SampleData.swift */,
				ECBB655E305956650024179F /* SwapBoardView.swift */,
			);
			path = Views;
			sourceTree = "<group>";
		};
		3DF9FE7BD6F46469FB8378A0 = {
			isa = PBXGroup;
			children = (
				CCDAF57748430EDB9D3E7CE8 /* ClashGuard */,
				ECBB656D30595B210024179F /* ClashGuardTests */,
				1EDD0390CBA8B35627A7CC94 /* Products */,
			);
			sourceTree = "<group>";
		};
		9D8D78C76C88E4F1FEBE4618 /* Repositories */ = {
			isa = PBXGroup;
			children = (
				ECBB657B305961C20024179F /* DeadlineRepository.swift */,
				ECBB657C305961C20024179F /* RosterRepository.swift */,
			);
			path = Repositories;
			sourceTree = "<group>";
		};
		CCDAF57748430EDB9D3E7CE8 /* ClashGuard */ = {
			isa = PBXGroup;
			children = (
				ECBB6581305961F60024179F /* ContentView.swift */,
				B56DB67062432F428C349BEF /* ClashGuardApp.swift */,
				A2B024E874BC21FEF7023DAF /* Assets.xcassets */,
				2632B2DB11BCD31D1903E3E2 /* Views */,
				FA7370FB7FB5A2BB6B4EA3C2 /* ViewModels */,
				24C94539743BD59E324EDC0B /* UseCases */,
				E71A28A9EC09227B16032E77 /* Domain */,
				9D8D78C76C88E4F1FEBE4618 /* Repositories */,
			);
			path = ClashGuard;
			sourceTree = "<group>";
		};
		E71A28A9EC09227B16032E77 /* Domain */ = {
			isa = PBXGroup;
			children = (
				ECBB654630594F890024179F /* AcademicDeadline.swift */,
				ECBB654730594F890024179F /* ClashRecord.swift */,
				ECBB654830594F890024179F /* RosterShift.swift */,
			);
			path = Domain;
			sourceTree = "<group>";
		};
		FA7370FB7FB5A2BB6B4EA3C2 /* ViewModels */ = {
			isa = PBXGroup;
			children = (
				ECBB657F305961DF0024179F /* ImportViewModel.swift */,
				ECBB6566305958090024179F /* SwapBoardViewModel.swift */,
				ECBB6552305956370024179F /* ClashAlertViewModel.swift */,
				ECBB6554305956370024179F /* MergedCalendarViewModel.swift */,
			);
			path = ViewModels;
			sourceTree = "<group>";
		};
/* End PBXGroup section */

/* Begin PBXNativeTarget section */
		A87E86C4B939C1AC119312DC /* ClashGuard */ = {
			isa = PBXNativeTarget;
			buildConfigurationList = 88E87D9E78712267253DB37A /* Build configuration list for PBXNativeTarget "ClashGuard" */;
			buildPhases = (
				EEDEC00E9865D861CDA3FEAA /* Sources */,
				5393690EA9FBF2365FE0ECC4 /* Frameworks */,
				54CC7198A1422C70B94679F8 /* Resources */,
			);
			buildRules = (
			);
			dependencies = (
			);
			name = ClashGuard;
			productName = ClashGuard;
			productReference = B42F10FB3935EFE509A108E3 /* ClashGuard.app */;
			productType = "com.apple.product-type.application";
		};
		ECBB656B30595B210024179F /* ClashGuardTests */ = {
			isa = PBXNativeTarget;
			buildConfigurationList = ECBB657430595B210024179F /* Build configuration list for PBXNativeTarget "ClashGuardTests" */;
			buildPhases = (
				ECBB656830595B210024179F /* Sources */,
				ECBB656930595B210024179F /* Frameworks */,
				ECBB656A30595B210024179F /* Resources */,
			);
			buildRules = (
			);
			dependencies = (
				ECBB657130595B210024179F /* PBXTargetDependency */,
			);
			fileSystemSynchronizedGroups = (
				ECBB656D30595B210024179F /* ClashGuardTests */,
			);
			name = ClashGuardTests;
			packageProductDependencies = (
			);
			productName = ClashGuardTests;
			productReference = ECBB656C30595B210024179F /* ClashGuardTests.xctest */;
			productType = "com.apple.product-type.bundle.unit-test";
		};
/* End PBXNativeTarget section */

/* Begin PBXProject section */
		4A9269261AD2E5AB2A72EB8C /* Project object */ = {
			isa = PBXProject;
			attributes = {
				BuildIndependentTargetsInParallel = 1;
				LastSwiftUpdateCheck = 2630;
				LastUpgradeCheck = 1500;
				TargetAttributes = {
					A87E86C4B939C1AC119312DC = {
						CreatedOnToolsVersion = 15.0;
					};
					ECBB656B30595B210024179F = {
						CreatedOnToolsVersion = 26.3;
						TestTargetID = A87E86C4B939C1AC119312DC;
					};
				};
			};
			buildConfigurationList = 6CC3D9216E9492FC2AF9430A /* Build configuration list for PBXProject "ClashGuard" */;
			compatibilityVersion = "Xcode 14.0";
			developmentRegion = en;
			hasScannedForEncodings = 0;
			knownRegions = (
				en,
				Base,
			);
			mainGroup = 3DF9FE7BD6F46469FB8378A0;
			productRefGroup = 1EDD0390CBA8B35627A7CC94 /* Products */;
			projectDirPath = "";
			projectRoot = "";
			targets = (
				A87E86C4B939C1AC119312DC /* ClashGuard */,
				ECBB656B30595B210024179F /* ClashGuardTests */,
			);
		};
/* End PBXProject section */

/* Begin PBXResourcesBuildPhase section */
		54CC7198A1422C70B94679F8 /* Resources */ = {
			isa = PBXResourcesBuildPhase;
			buildActionMask = 2147483647;
			files = (
				5922E9B7EBD25DB23968D205 /* Assets.xcassets in Resources */,
			);
			runOnlyForDeploymentPostprocessing = 0;
		};
		ECBB656A30595B210024179F /* Resources */ = {
			isa = PBXResourcesBuildPhase;
			buildActionMask = 2147483647;
			files = (
			);
			runOnlyForDeploymentPostprocessing = 0;
		};
/* End PBXResourcesBuildPhase section */

/* Begin PBXSourcesBuildPhase section */
		ECBB656830595B210024179F /* Sources */ = {
			isa = PBXSourcesBuildPhase;
			buildActionMask = 2147483647;
			files = (
			);
			runOnlyForDeploymentPostprocessing = 0;
		};
		EEDEC00E9865D861CDA3FEAA /* Sources */ = {
			isa = PBXSourcesBuildPhase;
			buildActionMask = 2147483647;
			files = (
				ECBB654F305953850024179F /* ImportRosterUseCase.swift in Sources */,
				ECBB6550305953850024179F /* DetectClashUseCase.swift in Sources */,
				ECBB6551305953850024179F /* FlagShiftForSwapUseCase.swift in Sources */,
				6BE9E4998CF6885FC00D8BB8 /* ClashGuardApp.swift in Sources */,
				ECBB654930594F890024179F /* ClashRecord.swift in Sources */,
				ECBB654A30594F890024179F /* RosterShift.swift in Sources */,
				ECBB654B30594F890024179F /* AcademicDeadline.swift in Sources */,
				ECBB6557305956370024179F /* MergedCalendarViewModel.swift in Sources */,
				ECBB6582305961F60024179F /* ContentView.swift in Sources */,
				ECBB655F305956650024179F /* SwapBoardView.swift in Sources */,
				ECBB6560305956650024179F /* ImportView.swift in Sources */,
				ECBB6561305956650024179F /* ClashAlertView.swift in Sources */,
				ECBB6562305956650024179F /* MergedCalendarView.swift in Sources */,
				ECBB6567305958090024179F /* SwapBoardViewModel.swift in Sources */,
				ECBB6563305956650024179F /* SampleData.swift in Sources */,
				ECBB6559305956370024179F /* ClashAlertViewModel.swift in Sources */,
				ECBB6580305961DF0024179F /* ImportViewModel.swift in Sources */,
				ECBB657D305961C20024179F /* RosterRepository.swift in Sources */,
				ECBB657E305961C20024179F /* DeadlineRepository.swift in Sources */,
			);
			runOnlyForDeploymentPostprocessing = 0;
		};
/* End PBXSourcesBuildPhase section */

/* Begin PBXTargetDependency section */
		ECBB657130595B210024179F /* PBXTargetDependency */ = {
			isa = PBXTargetDependency;
			target = A87E86C4B939C1AC119312DC /* ClashGuard */;
			targetProxy = ECBB657030595B210024179F /* PBXContainerItemProxy */;
		};
/* End PBXTargetDependency section */

/* Begin XCBuildConfiguration section */
		81229D2DC28A091DBAB4BAEE /* Release */ = {
			isa = XCBuildConfiguration;
			buildSettings = {
				ALWAYS_SEARCH_USER_PATHS = NO;
				CLANG_ENABLE_MODULES = YES;
				CLANG_ENABLE_OBJC_ARC = YES;
				CLANG_ENABLE_OBJC_WEAK = YES;
				CLANG_WARN_EMPTY_BODY = YES;
				CLANG_WARN_UNREACHABLE_CODE = YES;
				CODE_SIGN_STYLE = Automatic;
				COPY_PHASE_STRIP = NO;
				DEBUG_INFORMATION_FORMAT = "dwarf-with-dsym";
				ENABLE_NS_ASSERTIONS = NO;
				ENABLE_STRICT_OBJC_MSGSEND = YES;
				GCC_C_LANGUAGE_STANDARD = gnu17;
				GCC_NO_COMMON_BLOCKS = YES;
				IPHONEOS_DEPLOYMENT_TARGET = 17.0;
				MTL_ENABLE_DEBUG_INFO = NO;
				MTL_FAST_MATH = YES;
				ONLY_ACTIVE_ARCH = NO;
				SDKROOT = iphoneos;
				SWIFT_COMPILATION_MODE = wholemodule;
				SWIFT_VERSION = 5.0;
				VALIDATE_PRODUCT = YES;
			};
			name = Release;
		};
		9D741D2868C1E4D4735904A1 /* Release */ = {
			isa = XCBuildConfiguration;
			buildSettings = {
				ASSETCATALOG_COMPILER_APPICON_NAME = AppIcon;
				ASSETCATALOG_COMPILER_GLOBAL_ACCENT_COLOR_NAME = AccentColor;
				CURRENT_PROJECT_VERSION = 1;
				DEVELOPMENT_ASSET_PATHS = "";
				ENABLE_PREVIEWS = YES;
				GENERATE_INFOPLIST_FILE = YES;
				INFOPLIST_KEY_UIApplicationSceneManifest_Generation = YES;
				INFOPLIST_KEY_UIApplicationSupportsIndirectInputEvents = YES;
				INFOPLIST_KEY_UILaunchScreen_Generation = YES;
				INFOPLIST_KEY_UISupportedInterfaceOrientations = "UIInterfaceOrientationPortrait UIInterfaceOrientationLandscapeLeft UIInterfaceOrientationLandscapeRight";
				LD_RUNPATH_SEARCH_PATHS = (
					"$(inherited)",
					"@executable_path/Frameworks",
				);
				MARKETING_VERSION = 1.0;
				PRODUCT_BUNDLE_IDENTIFIER = com.diganta.ClashGuard;
				PRODUCT_NAME = "$(TARGET_NAME)";
				SWIFT_EMIT_LOC_STRINGS = YES;
				SWIFT_VERSION = 5.0;
				TARGETED_DEVICE_FAMILY = 1;
			};
			name = Release;
		};
		D992392F115F5B6C61A3B536 /* Debug */ = {
			isa = XCBuildConfiguration;
			buildSettings = {
				ASSETCATALOG_COMPILER_APPICON_NAME = AppIcon;
				ASSETCATALOG_COMPILER_GLOBAL_ACCENT_COLOR_NAME = AccentColor;
				CURRENT_PROJECT_VERSION = 1;
				DEVELOPMENT_ASSET_PATHS = "";
				ENABLE_PREVIEWS = YES;
				GENERATE_INFOPLIST_FILE = YES;
				INFOPLIST_KEY_UIApplicationSceneManifest_Generation = YES;
				INFOPLIST_KEY_UIApplicationSupportsIndirectInputEvents = YES;
				INFOPLIST_KEY_UILaunchScreen_Generation = YES;
				INFOPLIST_KEY_UISupportedInterfaceOrientations = "UIInterfaceOrientationPortrait UIInterfaceOrientationLandscapeLeft UIInterfaceOrientationLandscapeRight";
				LD_RUNPATH_SEARCH_PATHS = (
					"$(inherited)",
					"@executable_path/Frameworks",
				);
				MARKETING_VERSION = 1.0;
				PRODUCT_BUNDLE_IDENTIFIER = com.diganta.ClashGuard;
				PRODUCT_NAME = "$(TARGET_NAME)";
				SWIFT_EMIT_LOC_STRINGS = YES;
				SWIFT_VERSION = 5.0;
				TARGETED_DEVICE_FAMILY = 1;
			};
			name = Debug;
		};
		ECBB657230595B210024179F /* Debug */ = {
			isa = XCBuildConfiguration;
			buildSettings = {
				ASSETCATALOG_COMPILER_GENERATE_SWIFT_ASSET_SYMBOL_EXTENSIONS = YES;
				BUNDLE_LOADER = "$(TEST_HOST)";
				CLANG_ANALYZER_NONNULL = YES;
				CLANG_ANALYZER_NUMBER_OBJECT_CONVERSION = YES_AGGRESSIVE;
				CLANG_CXX_LANGUAGE_STANDARD = "gnu++20";
				CLANG_WARN_BLOCK_CAPTURE_AUTORELEASING = YES;
				CLANG_WARN_BOOL_CONVERSION = YES;
				CLANG_WARN_COMMA = YES;
				CLANG_WARN_CONSTANT_CONVERSION = YES;
				CLANG_WARN_DEPRECATED_OBJC_IMPLEMENTATIONS = YES;
				CLANG_WARN_DIRECT_OBJC_ISA_USAGE = YES_ERROR;
				CLANG_WARN_DOCUMENTATION_COMMENTS = YES;
				CLANG_WARN_ENUM_CONVERSION = YES;
				CLANG_WARN_INFINITE_RECURSION = YES;
				CLANG_WARN_INT_CONVERSION = YES;
				CLANG_WARN_NON_LITERAL_NULL_CONVERSION = YES;
				CLANG_WARN_OBJC_IMPLICIT_RETAIN_SELF = YES;
				CLANG_WARN_OBJC_LITERAL_CONVERSION = YES;
				CLANG_WARN_OBJC_ROOT_CLASS = YES_ERROR;
				CLANG_WARN_QUOTED_INCLUDE_IN_FRAMEWORK_HEADER = YES;
				CLANG_WARN_RANGE_LOOP_ANALYSIS = YES;
				CLANG_WARN_STRICT_PROTOTYPES = YES;
				CLANG_WARN_SUSPICIOUS_MOVE = YES;
				CLANG_WARN_UNGUARDED_AVAILABILITY = YES_AGGRESSIVE;
				CLANG_WARN__DUPLICATE_METHOD_MATCH = YES;
				CODE_SIGN_STYLE = Automatic;
				CURRENT_PROJECT_VERSION = 1;
				DEVELOPMENT_TEAM = 47W4AWVQUK;
				ENABLE_USER_SCRIPT_SANDBOXING = YES;
				GCC_WARN_64_TO_32_BIT_CONVERSION = YES;
				GCC_WARN_ABOUT_RETURN_TYPE = YES_ERROR;
				GCC_WARN_UNDECLARED_SELECTOR = YES;
				GCC_WARN_UNINITIALIZED_AUTOS = YES_AGGRESSIVE;
				GCC_WARN_UNUSED_FUNCTION = YES;
				GCC_WARN_UNUSED_VARIABLE = YES;
				GENERATE_INFOPLIST_FILE = YES;
				IPHONEOS_DEPLOYMENT_TARGET = 26.2;
				LOCALIZATION_PREFERS_STRING_CATALOGS = YES;
				MARKETING_VERSION = 1.0;
				PRODUCT_BUNDLE_IDENTIFIER = test.ClashGuardTests;
				PRODUCT_NAME = "$(TARGET_NAME)";
				STRING_CATALOG_GENERATE_SYMBOLS = NO;
				SWIFT_ACTIVE_COMPILATION_CONDITIONS = "DEBUG $(inherited)";
				SWIFT_APPROACHABLE_CONCURRENCY = YES;
				SWIFT_EMIT_LOC_STRINGS = NO;
				SWIFT_UPCOMING_FEATURE_MEMBER_IMPORT_VISIBILITY = YES;
				SWIFT_VERSION = 5.0;
				TARGETED_DEVICE_FAMILY = "1,2";
				TEST_HOST = "$(BUILT_PRODUCTS_DIR)/ClashGuard.app/$(BUNDLE_EXECUTABLE_FOLDER_PATH)/ClashGuard";
			};
			name = Debug;
		};
		ECBB657330595B210024179F /* Release */ = {
			isa = XCBuildConfiguration;
			buildSettings = {
				ASSETCATALOG_COMPILER_GENERATE_SWIFT_ASSET_SYMBOL_EXTENSIONS = YES;
				BUNDLE_LOADER = "$(TEST_HOST)";
				CLANG_ANALYZER_NONNULL = YES;
				CLANG_ANALYZER_NUMBER_OBJECT_CONVERSION = YES_AGGRESSIVE;
				CLANG_CXX_LANGUAGE_STANDARD = "gnu++20";
				CLANG_WARN_BLOCK_CAPTURE_AUTORELEASING = YES;
				CLANG_WARN_BOOL_CONVERSION = YES;
				CLANG_WARN_COMMA = YES;
				CLANG_WARN_CONSTANT_CONVERSION = YES;
				CLANG_WARN_DEPRECATED_OBJC_IMPLEMENTATIONS = YES;
				CLANG_WARN_DIRECT_OBJC_ISA_USAGE = YES_ERROR;
				CLANG_WARN_DOCUMENTATION_COMMENTS = YES;
				CLANG_WARN_ENUM_CONVERSION = YES;
				CLANG_WARN_INFINITE_RECURSION = YES;
				CLANG_WARN_INT_CONVERSION = YES;
				CLANG_WARN_NON_LITERAL_NULL_CONVERSION = YES;
				CLANG_WARN_OBJC_IMPLICIT_RETAIN_SELF = YES;
				CLANG_WARN_OBJC_LITERAL_CONVERSION = YES;
				CLANG_WARN_OBJC_ROOT_CLASS = YES_ERROR;
				CLANG_WARN_QUOTED_INCLUDE_IN_FRAMEWORK_HEADER = YES;
				CLANG_WARN_RANGE_LOOP_ANALYSIS = YES;
				CLANG_WARN_STRICT_PROTOTYPES = YES;
				CLANG_WARN_SUSPICIOUS_MOVE = YES;
				CLANG_WARN_UNGUARDED_AVAILABILITY = YES_AGGRESSIVE;
				CLANG_WARN__DUPLICATE_METHOD_MATCH = YES;
				CODE_SIGN_STYLE = Automatic;
				CURRENT_PROJECT_VERSION = 1;
				DEVELOPMENT_TEAM = 47W4AWVQUK;
				ENABLE_USER_SCRIPT_SANDBOXING = YES;
				GCC_WARN_64_TO_32_BIT_CONVERSION = YES;
				GCC_WARN_ABOUT_RETURN_TYPE = YES_ERROR;
				GCC_WARN_UNDECLARED_SELECTOR = YES;
				GCC_WARN_UNINITIALIZED_AUTOS = YES_AGGRESSIVE;
				GCC_WARN_UNUSED_FUNCTION = YES;
				GCC_WARN_UNUSED_VARIABLE = YES;
				GENERATE_INFOPLIST_FILE = YES;
				IPHONEOS_DEPLOYMENT_TARGET = 26.2;
				LOCALIZATION_PREFERS_STRING_CATALOGS = YES;
				MARKETING_VERSION = 1.0;
				PRODUCT_BUNDLE_IDENTIFIER = test.ClashGuardTests;
				PRODUCT_NAME = "$(TARGET_NAME)";
				STRING_CATALOG_GENERATE_SYMBOLS = NO;
				SWIFT_APPROACHABLE_CONCURRENCY = YES;
				SWIFT_EMIT_LOC_STRINGS = NO;
				SWIFT_UPCOMING_FEATURE_MEMBER_IMPORT_VISIBILITY = YES;
				SWIFT_VERSION = 5.0;
				TARGETED_DEVICE_FAMILY = "1,2";
				TEST_HOST = "$(BUILT_PRODUCTS_DIR)/ClashGuard.app/$(BUNDLE_EXECUTABLE_FOLDER_PATH)/ClashGuard";
			};
			name = Release;
		};
		EDC22D19A88212052D32D17A /* Debug */ = {
			isa = XCBuildConfiguration;
			buildSettings = {
				ALWAYS_SEARCH_USER_PATHS = NO;
				CLANG_ENABLE_MODULES = YES;
				CLANG_ENABLE_OBJC_ARC = YES;
				CLANG_ENABLE_OBJC_WEAK = YES;
				CLANG_WARN_EMPTY_BODY = YES;
				CLANG_WARN_UNREACHABLE_CODE = YES;
				CODE_SIGN_STYLE = Automatic;
				COPY_PHASE_STRIP = NO;
				DEBUG_INFORMATION_FORMAT = dwarf;
				ENABLE_STRICT_OBJC_MSGSEND = YES;
				ENABLE_TESTABILITY = YES;
				GCC_C_LANGUAGE_STANDARD = gnu17;
				GCC_DYNAMIC_NO_PIC = NO;
				GCC_NO_COMMON_BLOCKS = YES;
				GCC_OPTIMIZATION_LEVEL = 0;
				GCC_PREPROCESSOR_DEFINITIONS = (
					"DEBUG=1",
					"$(inherited)",
				);
				IPHONEOS_DEPLOYMENT_TARGET = 17.0;
				MTL_ENABLE_DEBUG_INFO = INCLUDE_SOURCE;
				MTL_FAST_MATH = YES;
				ONLY_ACTIVE_ARCH = YES;
				SDKROOT = iphoneos;
				SWIFT_ACTIVE_COMPILATION_CONDITIONS = DEBUG;
				SWIFT_OPTIMIZATION_LEVEL = "-Onone";
				SWIFT_VERSION = 5.0;
			};
			name = Debug;
		};
/* End XCBuildConfiguration section */

/* Begin XCConfigurationList section */
		6CC3D9216E9492FC2AF9430A /* Build configuration list for PBXProject "ClashGuard" */ = {
			isa = XCConfigurationList;
			buildConfigurations = (
				EDC22D19A88212052D32D17A /* Debug */,
				81229D2DC28A091DBAB4BAEE /* Release */,
			);
			defaultConfigurationIsVisible = 0;
			defaultConfigurationName = Release;
		};
		88E87D9E78712267253DB37A /* Build configuration list for PBXNativeTarget "ClashGuard" */ = {
			isa = XCConfigurationList;
			buildConfigurations = (
				D992392F115F5B6C61A3B536 /* Debug */,
				9D741D2868C1E4D4735904A1 /* Release */,
			);
			defaultConfigurationIsVisible = 0;
			defaultConfigurationName = Release;
		};
		ECBB657430595B210024179F /* Build configuration list for PBXNativeTarget "ClashGuardTests" */ = {
			isa = XCConfigurationList;
			buildConfigurations = (
				ECBB657230595B210024179F /* Debug */,
				ECBB657330595B210024179F /* Release */,
			);
			defaultConfigurationIsVisible = 0;
			defaultConfigurationName = Release;
		};
/* End XCConfigurationList section */
	};
	rootObject = 4A9269261AD2E5AB2A72EB8C /* Project object */;
}
